
Microsoft Visual Studio Solution File, Format Version 12.00
# Visual Studio Version 17
VisualStudioVersion = 17.5.002.0
MinimumVisualStudioVersion = 10.0.40219.1
Project("{9A19103F-16F7-4668-BE54-9A1E7A4F7556}") = "interview", "interview.csproj", "{C2C0C58D-98BC-48E7-B52F-8B703F3ECE89}"
EndProject
Global
	GlobalSection(SolutionConfigurationPlatforms) = preSolution
		Debug|Any CPU = Debug|Any CPU
		Release|Any CPU = Release|Any CPU
	EndGlobalSection
	GlobalSection(ProjectConfigurationPlatforms) = postSolution
		{C2C0C58D-98BC-48E7-B52F-8B703F3ECE89}.Debug|Any CPU.ActiveCfg = Debug|Any CPU
		{C2C0C58D-98BC-48E7-B52F-8B703F3ECE89}.Debug|Any CPU.Build.0 = Debug|Any CPU
		{C2C0C58D-98BC-48E7-B52F-8B703F3ECE89}.Release|Any CPU.ActiveCfg = Release|Any CPU
		{C2C0C58D-98BC-48E7-B52F-8B703F3ECE89}.Release|Any CPU.Build.0 = Release|Any CPU
	EndGlobalSection
	GlobalSection(SolutionProperties) = preSolution
		HideSolutionNode = FALSE
	EndGlobalSection
	GlobalSection(ExtensibilityGlobals) = postSolution
		SolutionGuid = {9B44E608-5CFA-4C77-9E7C-C7DDD66FC946}
	EndGlobalSection
EndGlobal
